
Microsoft Visual Studio Solution File, Format Version 12.00
# Visual Studio Version 17
VisualStudioVersion = 17.1.32210.238
MinimumVisualStudioVersion = 10.0.40219.1
Project("{FAE04EC0-301F-11D3-BF4B-00C04F79EFBC}") = "MultiCastReturnValue", "MultiCastReturnValue\MultiCastReturnValue.csproj", "{CBB5D873-AB08-4781-8CD1-8D5A8C76A5F7}"
EndProject
Global
	GlobalSection(SolutionConfigurationPlatforms) = preSolution
		Debug|Any CPU = Debug|Any CPU
		Release|Any CPU = Release|Any CPU
	EndGlobalSection
	GlobalSection(ProjectConfigurationPlatforms) = postSolution
		{CBB5D873-AB08-4781-8CD1-8D5A8C76A5F7}.Debug|Any CPU.ActiveCfg = Debug|Any CPU
		{CBB5D873-AB08-4781-8CD1-8D5A8C76A5F7}.Debug|Any CPU.Build.0 = Debug|Any CPU
		{CBB5D873-AB08-4781-8CD1-8D5A8C76A5F7}.Release|Any CPU.ActiveCfg = Release|Any CPU
		{CBB5D873-AB08-4781-8CD1-8D5A8C76A5F7}.Release|Any CPU.Build.0 = Release|Any CPU
	EndGlobalSection
	GlobalSection(SolutionProperties) = preSolution
		HideSolutionNode = FALSE
	EndGlobalSection
	GlobalSection(ExtensibilityGlobals) = postSolution
		SolutionGuid = {3D8C4C09-EC7C-419F-B841-C74838FD5C3C}
	EndGlobalSection
EndGlobal
